
Microsoft Visual Studio Solution File, Format Version 12.00
# Visual Studio Version 17
VisualStudioVersion = 17.5.33103.201
MinimumVisualStudioVersion = 10.0.40219.1
Project("{FAE04EC0-301F-11D3-BF4B-00C04F79EFBC}") = "EmuAsm", "EmuAsm\EmuAsm.csproj", "{B9DF88C6-9FCA-4196-BF22-B990DB39E904}"
EndProject
Global
	GlobalSection(SolutionConfigurationPlatforms) = preSolution
		Debug|Any CPU = Debug|Any CPU
		Release|Any CPU = Release|Any CPU
	EndGlobalSection
	GlobalSection(ProjectConfigurationPlatforms) = postSolution
		{B9DF88C6-9FCA-4196-BF22-B990DB39E904}.Debug|Any CPU.ActiveCfg = Debug|Any CPU
		{B9DF88C6-9FCA-4196-BF22-B990DB39E904}.Debug|Any CPU.Build.0 = Debug|Any CPU
		{B9DF88C6-9FCA-4196-BF22-B990DB39E904}.Release|Any CPU.ActiveCfg = Release|Any CPU
		{B9DF88C6-9FCA-4196-BF22-B990DB39E904}.Release|Any CPU.Build.0 = Release|Any CPU
	EndGlobalSection
	GlobalSection(SolutionProperties) = preSolution
		HideSolutionNode = FALSE
	EndGlobalSection
	GlobalSection(ExtensibilityGlobals) = postSolution
		SolutionGuid = {7C7EE92D-6BB2-407B-8B5B-67938A81F43A}
	EndGlobalSection
EndGlobal
